
Microsoft Visual Studio Solution File, Format Version 12.00
# Visual Studio Version 16
VisualStudioVersion = 16.0.30413.136
MinimumVisualStudioVersion = 10.0.40219.1
Project("{8BC9CEB8-8B4A-11D0-8D11-00A0C91BC942}") = "MFTI 30. Twenty eigth programming exercise", "MFTI 30. Twenty eigth programming exercise\MFTI 30. Twenty eigth programming exercise.vcxproj", "{FD583B45-9837-4B67-B950-AC823F85587C}"
EndProject
Global
	GlobalSection(SolutionConfigurationPlatforms) = preSolution
		Debug|x64 = Debug|x64
		Debug|x86 = Debug|x86
		Release|x64 = Release|x64
		Release|x86 = Release|x86
	EndGlobalSection
	GlobalSection(ProjectConfigurationPlatforms) = postSolution
		{FD583B45-9837-4B67-B950-AC823F85587C}.Debug|x64.ActiveCfg = Debug|x64
		{FD583B45-9837-4B67-B950-AC823F85587C}.Debug|x64.Build.0 = Debug|x64
		{FD583B45-9837-4B67-B950-AC823F85587C}.Debug|x86.ActiveCfg = Debug|Win32
		{FD583B45-9837-4B67-B950-AC823F85587C}.Debug|x86.Build.0 = Debug|Win32
		{FD583B45-9837-4B67-B950-AC823F85587C}.Release|x64.ActiveCfg = Release|x64
		{FD583B45-9837-4B67-B950-AC823F85587C}.Release|x64.Build.0 = Release|x64
		{FD583B45-9837-4B67-B950-AC823F85587C}.Release|x86.ActiveCfg = Release|Win32
		{FD583B45-9837-4B67-B950-AC823F85587C}.Release|x86.Build.0 = Release|Win32
	EndGlobalSection
	GlobalSection(SolutionProperties) = preSolution
		HideSolutionNode = FALSE
	EndGlobalSection
	GlobalSection(ExtensibilityGlobals) = postSolution
		SolutionGuid = {5E4C61B6-5E2D-440C-BE0F-A48DE71A0607}
	EndGlobalSection
EndGlobal
